
Microsoft Visual Studio Solution File, Format Version 12.00
# Visual Studio Version 17
VisualStudioVersion = 17.10.35013.160
MinimumVisualStudioVersion = 10.0.40219.1
Project("{9A19103F-16F7-4668-BE54-9A1E7A4F7556}") = "CleanArchitecture.Api", "CleanArchitecture\CleanArchitecture.Api.csproj", "{D4227F50-61F9-4D8F-921E-64C20AEC1DAA}"
EndProject
Project("{9A19103F-16F7-4668-BE54-9A1E7A4F7556}") = "CleanArchitecture.Application", "CleanArchitecture.Application\CleanArchitecture.Application.csproj", "{E79E0D02-F16D-482B-896F-D8F810A6D940}"
EndProject
Project("{9A19103F-16F7-4668-BE54-9A1E7A4F7556}") = "CleanArchitecture.Domain", "CleanArchitecture.Domain\CleanArchitecture.Domain.csproj", "{E0D780C7-C167-44B9-8C94-0E778E6CA7C7}"
EndProject
Project("{FAE04EC0-301F-11D3-BF4B-00C04F79EFBC}") = "CleanArchitecture.Infrastructure", "CleanArchitecture.Infrastructure\CleanArchitecture.Infrastructure.csproj", "{12858EE2-2973-4124-836A-BDA3EDA2881F}"
EndProject
Project("{FAE04EC0-301F-11D3-BF4B-00C04F79EFBC}") = "CleanArchitecture.Shared", "CleanArchitecture.Shared\CleanArchitecture.Shared.csproj", "{ADBBE74E-F8EE-4ED4-867B-495DE99F17EB}"
EndProject
Project("{FAE04EC0-301F-11D3-BF4B-00C04F79EFBC}") = "CleanArchitecture.Tests", "CleanArchitecture.Tests\CleanArchitecture.Tests.csproj", "{4B13DF00-5415-478D-985E-F303F7080EC6}"
EndProject
Global
	GlobalSection(SolutionConfigurationPlatforms) = preSolution
		Debug|Any CPU = Debug|Any CPU
		Release|Any CPU = Release|Any CPU
	EndGlobalSection
	GlobalSection(ProjectConfigurationPlatforms) = postSolution
		{D4227F50-61F9-4D8F-921E-64C20AEC1DAA}.Debug|Any CPU.ActiveCfg = Debug|Any CPU
		{D4227F50-61F9-4D8F-921E-64C20AEC1DAA}.Debug|Any CPU.Build.0 = Debug|Any CPU
		{D4227F50-61F9-4D8F-921E-64C20AEC1DAA}.Release|Any CPU.ActiveCfg = Release|Any CPU
		{D4227F50-61F9-4D8F-921E-64C20AEC1DAA}.Release|Any CPU.Build.0 = Release|Any CPU
		{E79E0D02-F16D-482B-896F-D8F810A6D940}.Debug|Any CPU.ActiveCfg = Debug|Any CPU
		{E79E0D02-F16D-482B-896F-D8F810A6D940}.Debug|Any CPU.Build.0 = Debug|Any CPU
		{E79E0D02-F16D-482B-896F-D8F810A6D940}.Release|Any CPU.ActiveCfg = Release|Any CPU
		{E79E0D02-F16D-482B-896F-D8F810A6D940}.Release|Any CPU.Build.0 = Release|Any CPU
		{E0D780C7-C167-44B9-8C94-0E778E6CA7C7}.Debug|Any CPU.ActiveCfg = Debug|Any CPU
		{E0D780C7-C167-44B9-8C94-0E778E6CA7C7}.Debug|Any CPU.Build.0 = Debug|Any CPU
		{E0D780C7-C167-44B9-8C94-0E778E6CA7C7}.Release|Any CPU.ActiveCfg = Release|Any CPU
		{E0D780C7-C167-44B9-8C94-0E778E6CA7C7}.Release|Any CPU.Build.0 = Release|Any CPU
		{12858EE2-2973-4124-836A-BDA3EDA2881F}.Debug|Any CPU.ActiveCfg = Debug|Any CPU
		{12858EE2-2973-4124-836A-BDA3EDA2881F}.Debug|Any CPU.Build.0 = Debug|Any CPU
		{12858EE2-2973-4124-836A-BDA3EDA2881F}.Release|Any CPU.ActiveCfg = Release|Any CPU
		{12858EE2-2973-4124-836A-BDA3EDA2881F}.Release|Any CPU.Build.0 = Release|Any CPU
		{ADBBE74E-F8EE-4ED4-867B-495DE99F17EB}.Debug|Any CPU.ActiveCfg = Debug|Any CPU
		{ADBBE74E-F8EE-4ED4-867B-495DE99F17EB}.Debug|Any CPU.Build.0 = Debug|Any CPU
		{ADBBE74E-F8EE-4ED4-867B-495DE99F17EB}.Release|Any CPU.ActiveCfg = Release|Any CPU
		{ADBBE74E-F8EE-4ED4-867B-495DE99F17EB}.Release|Any CPU.Build.0 = Release|Any CPU
		{4B13DF00-5415-478D-985E-F303F7080EC6}.Debug|Any CPU.ActiveCfg = Debug|Any CPU
		{4B13DF00-5415-478D-985E-F303F7080EC6}.Debug|Any CPU.Build.0 = Debug|Any CPU
		{4B13DF00-5415-478D-985E-F303F7080EC6}.Release|Any CPU.ActiveCfg = Release|Any CPU
		{4B13DF00-5415-478D-985E-F303F7080EC6}.Release|Any CPU.Build.0 = Release|Any CPU
	EndGlobalSection
	GlobalSection(SolutionProperties) = preSolution
		HideSolutionNode = FALSE
	EndGlobalSection
	GlobalSection(ExtensibilityGlobals) = postSolution
		SolutionGuid = {481F10AD-2B14-4AA1-AC40-1A061A687A5F}
	EndGlobalSection
EndGlobal
